{
<<<<<<< HEAD
  "name": "ModuxV2",
=======
  "name": "Merge_System",
>>>>>>> 37c7764a17341055d4cf7c8c89bab5c17e6fb95f
  "lockfileVersion": 3,
  "requires": true,
  "packages": {
    "": {
      "dependencies": {
        "rokit": "^0.0.0"
      }
    },
    "node_modules/rokit": {
      "version": "0.0.0",
      "resolved": "https://registry.npmjs.org/rokit/-/rokit-0.0.0.tgz",
      "integrity": "sha512-5s0xfBS77xMVOChMrvlzpCjaJ4kRDfUKtErZCDD6A0MsJxnO00rT+UeDzbBwfBdUO9zHWzFMxEhj1WciSpox2A==",
      "license": "MIT"
    }
  }
}
